// !$*UTF8*$!
{
	archiveVersion = 1;
	classes = {
	};
	objectVersion = 46;
	objects = {

/* Begin PBXBuildFile section */
		04BA27F3187004C800ACED01 /* Foundation.framework in Frameworks */ = {isa = PBXBuildFile; fileRef = 04BA27F2187004C800ACED01 /* Foundation.framework */; };
		04BA27F5187004C800ACED01 /* CoreGraphics.framework in Frameworks */ = {isa = PBXBuildFile; fileRef = 04BA27F4187004C800ACED01 /* CoreGraphics.framework */; };
		04BA27F7187004C800ACED01 /* UIKit.framework in Frameworks */ = {isa = PBXBuildFile; fileRef = 04BA27F6187004C800ACED01 /* UIKit.framework */; };
		04BA27FD187004C800ACED01 /* InfoPlist.strings in Resources */ = {isa = PBXBuildFile; fileRef = 04BA27FB187004C800ACED01 /* InfoPlist.strings */; };
		04BA27FF187004C800ACED01 /* main.m in Sources */ = {isa = PBXBuildFile; fileRef = 04BA27FE187004C800ACED01 /* main.m */; };
		04BA2803187004C800ACED01 /* AppDelegate.m in Sources */ = {isa = PBXBuildFile; fileRef = 04BA2802187004C800ACED01 /* AppDelegate.m */; };
		04BA2806187004C800ACED01 /* Main.storyboard in Resources */ = {isa = PBXBuildFile; fileRef = 04BA2804187004C800ACED01 /* Main.storyboard */; };
		04BA2809187004C800ACED01 /* ViewController.m in Sources */ = {isa = PBXBuildFile; fileRef = 04BA2808187004C800ACED01 /* ViewController.m */; };
		04BA280B187004C900ACED01 /* Images.xcassets in Resources */ = {isa = PBXBuildFile; fileRef = 04BA280A187004C900ACED01 /* Images.xcassets */; };
		04BA2812187004C900ACED01 /* XCTest.framework in Frameworks */ = {isa = PBXBuildFile; fileRef = 04BA2811187004C900ACED01 /* XCTest.framework */; };
		04BA2813187004C900ACED01 /* Foundation.framework in Frameworks */ = {isa = PBXBuildFile; fileRef = 04BA27F2187004C800ACED01 /* Foundation.framework */; };
		04BA2814187004C900ACED01 /* UIKit.framework in Frameworks */ = {isa = PBXBuildFile; fileRef = 04BA27F6187004C800ACED01 /* UIKit.framework */; };
		04BA281C187004C900ACED01 /* InfoPlist.strings in Resources */ = {isa = PBXBuildFile; fileRef = 04BA281A187004C900ACED01 /* InfoPlist.strings */; };
		04BA281E187004C900ACED01 /* BirthdayToAgeConversionTests.m in Sources */ = {isa = PBXBuildFile; fileRef = 04BA281D187004C900ACED01 /* BirthdayToAgeConversionTests.m */; };
/* End PBXBuildFile section */

/* Begin PBXContainerItemProxy section */
		04BA2815187004C900ACED01 /* PBXContainerItemProxy */ = {
			isa = PBXContainerItemProxy;
			containerPortal = 04BA27E7187004C800ACED01 /* Project object */;
			proxyType = 1;
			remoteGlobalIDString = 04BA27EE187004C800ACED01;
			remoteInfo = BirthdayToAgeConversion;
		};
/* End PBXContainerItemProxy section */

/* Begin PBXFileReference section */
		04BA27EF187004C800ACED01 /* BirthdayToAgeConversion.app */ = {isa = PBXFileReference; explicitFileType = wrapper.application; includeInIndex = 0; path = BirthdayToAgeConversion.app; sourceTree = BUILT_PRODUCTS_DIR; };
		04BA27F2187004C800ACED01 /* Foundation.framework */ = {isa = PBXFileReference; lastKnownFileType = wrapper.framework; name = Foundation.framework; path = System/Library/Frameworks/Foundation.framework; sourceTree = SDKROOT; };
		04BA27F4187004C800ACED01 /* CoreGraphics.framework */ = {isa = PBXFileReference; lastKnownFileType = wrapper.framework; name = CoreGraphics.framework; path = System/Library/Frameworks/CoreGraphics.framework; sourceTree = SDKROOT; };
		04BA27F6187004C800ACED01 /* UIKit.framework */ = {isa = PBXFileReference; lastKnownFileType = wrapper.framework; name = UIKit.framework; path = System/Library/Frameworks/UIKit.framework; sourceTree = SDKROOT; };
		04BA27FA187004C800ACED01 /* BirthdayToAgeConversion-Info.plist */ = {isa = PBXFileReference; lastKnownFileType = text.plist.xml; path = "BirthdayToAgeConversion-Info.plist"; sourceTree = "<group>"; };
		04BA27FC187004C800ACED01 /* en */ = {isa = PBXFileReference; lastKnownFileType = text.plist.strings; name = en; path = en.lproj/InfoPlist.strings; sourceTree = "<group>"; };
		04BA27FE187004C800ACED01 /* main.m */ = {isa = PBXFileReference; lastKnownFileType = sourcecode.c.objc; path = main.m; sourceTree = "<group>"; };
		04BA2800187004C800ACED01 /* BirthdayToAgeConversion-Prefix.pch */ = {isa = PBXFileReference; lastKnownFileType = sourcecode.c.h; path = "BirthdayToAgeConversion-Prefix.pch"; sourceTree = "<group>"; };
		04BA2801187004C800ACED01 /* AppDelegate.h */ = {isa = PBXFileReference; lastKnownFileType = sourcecode.c.h; path = AppDelegate.h; sourceTree = "<group>"; };
		04BA2802187004C800ACED01 /* AppDelegate.m */ = {isa = PBXFileReference; lastKnownFileType = sourcecode.c.objc; path = AppDelegate.m; sourceTree = "<group>"; };
		04BA2805187004C800ACED01 /* Base */ = {isa = PBXFileReference; lastKnownFileType = file.storyboard; name = Base; path = Base.lproj/Main.storyboard; sourceTree = "<group>"; };
		04BA2807187004C800ACED01 /* ViewController.h */ = {isa = PBXFileReference; lastKnownFileType = sourcecode.c.h; path = ViewController.h; sourceTree = "<group>"; };
		04BA2808187004C800ACED01 /* ViewController.m */ = {isa = PBXFileReference; lastKnownFileType = sourcecode.c.objc; path = ViewController.m; sourceTree = "<group>"; };
		04BA280A187004C900ACED01 /* Images.xcassets */ = {isa = PBXFileReference; lastKnownFileType = folder.assetcatalog; path = Images.xcassets; sourceTree = "<group>"; };
		04BA2810187004C900ACED01 /* BirthdayToAgeConversionTests.xctest */ = {isa = PBXFileReference; explicitFileType = wrapper.cfbundle; includeInIndex = 0; path = BirthdayToAgeConversionTests.xctest; sourceTree = BUILT_PRODUCTS_DIR; };
		04BA2811187004C900ACED01 /* XCTest.framework */ = {isa = PBXFileReference; lastKnownFileType = wrapper.framework; name = XCTest.framework; path = Library/Frameworks/XCTest.framework; sourceTree = DEVELOPER_DIR; };
		04BA2819187004C900ACED01 /* BirthdayToAgeConversionTests-Info.plist */ = {isa = PBXFileReference; lastKnownFileType = text.plist.xml; path = "BirthdayToAgeConversionTests-Info.plist"; sourceTree = "<group>"; };
		04BA281B187004C900ACED01 /* en */ = {isa = PBXFileReference; lastKnownFileType = text.plist.strings; name = en; path = en.lproj/InfoPlist.strings; sourceTree = "<group>"; };
		04BA281D187004C900ACED01 /* BirthdayToAgeConversionTests.m */ = {isa = PBXFileReference; lastKnownFileType = sourcecode.c.objc; path = BirthdayToAgeConversionTests.m; sourceTree = "<group>"; };
/* End PBXFileReference section */

/* Begin PBXFrameworksBuildPhase section */
		04BA27EC187004C800ACED01 /* Frameworks */ = {
			isa = PBXFrameworksBuildPhase;
			buildActionMask = 2147483647;
			files = (
				04BA27F5187004C800ACED01 /* CoreGraphics.framework in Frameworks */,
				04BA27F7187004C800ACED01 /* UIKit.framework in Frameworks */,
				04BA27F3187004C800ACED01 /* Foundation.framework in Frameworks */,
			);
			runOnlyForDeploymentPostprocessing = 0;
		};
		04BA280D187004C900ACED01 /* Frameworks */ = {
			isa = PBXFrameworksBuildPhase;
			buildActionMask = 2147483647;
			files = (
				04BA2812187004C900ACED01 /* XCTest.framework in Frameworks */,
				04BA2814187004C900ACED01 /* UIKit.framework in Frameworks */,
				04BA2813187004C900ACED01 /* Foundation.framework in Frameworks */,
			);
			runOnlyForDeploymentPostprocessing = 0;
		};
/* End PBXFrameworksBuildPhase section */

/* Begin PBXGroup section */
		04BA27E6187004C800ACED01 = {
			isa = PBXGroup;
			children = (
				04BA27F8187004C800ACED01 /* BirthdayToAgeConversion */,
				04BA2817187004C900ACED01 /* BirthdayToAgeConversionTests */,
				04BA27F1187004C800ACED01 /* Frameworks */,
				04BA27F0187004C800ACED01 /* Products */,
			);
			sourceTree = "<group>";
		};
		04BA27F0187004C800ACED01 /* Products */ = {
			isa = PBXGroup;
			children = (
				04BA27EF187004C800ACED01 /* BirthdayToAgeConversion.app */,
				04BA2810187004C900ACED01 /* BirthdayToAgeConversionTests.xctest */,
			);
			name = Products;
			sourceTree = "<group>";
		};
		04BA27F1187004C800ACED01 /* Frameworks */ = {
			isa = PBXGroup;
			children = (
				04BA27F2187004C800ACED01 /* Foundation.framework */,
				04BA27F4187004C800ACED01 /* CoreGraphics.framework */,
				04BA27F6187004C800ACED01 /* UIKit.framework */,
				04BA2811187004C900ACED01 /* XCTest.framework */,
			);
			name = Frameworks;
			sourceTree = "<group>";
		};
		04BA27F8187004C800ACED01 /* BirthdayToAgeConversion */ = {
			isa = PBXGroup;
			children = (
				04BA2801187004C800ACED01 /* AppDelegate.h */,
				04BA2802187004C800ACED01 /* AppDelegate.m */,
				04BA2804187004C800ACED01 /* Main.storyboard */,
				04BA2807187004C800ACED01 /* ViewController.h */,
				04BA2808187004C800ACED01 /* ViewController.m */,
				04BA280A187004C900ACED01 /* Images.xcassets */,
				04BA27F9187004C800ACED01 /* Supporting Files */,
			);
			path = BirthdayToAgeConversion;
			sourceTree = "<group>";
		};
		04BA27F9187004C800ACED01 /* Supporting Files */ = {
			isa = PBXGroup;
			children = (
				04BA27FA187004C800ACED01 /* BirthdayToAgeConversion-Info.plist */,
				04BA27FB187004C800ACED01 /* InfoPlist.strings */,
				04BA27FE187004C800ACED01 /* main.m */,
				04BA2800187004C800ACED01 /* BirthdayToAgeConversion-Prefix.pch */,
			);
			name = "Supporting Files";
			sourceTree = "<group>";
		};
		04BA2817187004C900ACED01 /* BirthdayToAgeConversionTests */ = {
			isa = PBXGroup;
			children = (
				04BA281D187004C900ACED01 /* BirthdayToAgeConversionTests.m */,
				04BA2818187004C900ACED01 /* Supporting Files */,
			);
			path = BirthdayToAgeConversionTests;
			sourceTree = "<group>";
		};
		04BA2818187004C900ACED01 /* Supporting Files */ = {
			isa = PBXGroup;
			children = (
				04BA2819187004C900ACED01 /* BirthdayToAgeConversionTests-Info.plist */,
				04BA281A187004C900ACED01 /* InfoPlist.strings */,
			);
			name = "Supporting Files";
			sourceTree = "<group>";
		};
/* End PBXGroup section */

/* Begin PBXNativeTarget section */
		04BA27EE187004C800ACED01 /* BirthdayToAgeConversion */ = {
			isa = PBXNativeTarget;
			buildConfigurationList = 04BA2821187004C900ACED01 /* Build configuration list for PBXNativeTarget "BirthdayToAgeConversion" */;
			buildPhases = (
				04BA27EB187004C800ACED01 /* Sources */,
				04BA27EC187004C800ACED01 /* Frameworks */,
				04BA27ED187004C800ACED01 /* Resources */,
			);
			buildRules = (
			);
			dependencies = (
			);
			name = BirthdayToAgeConversion;
			productName = BirthdayToAgeConversion;
			productReference = 04BA27EF187004C800ACED01 /* BirthdayToAgeConversion.app */;
			productType = "com.apple.product-type.application";
		};
		04BA280F187004C900ACED01 /* BirthdayToAgeConversionTests */ = {
			isa = PBXNativeTarget;
			buildConfigurationList = 04BA2824187004C900ACED01 /* Build configuration list for PBXNativeTarget "BirthdayToAgeConversionTests" */;
			buildPhases = (
				04BA280C187004C900ACED01 /* Sources */,
				04BA280D187004C900ACED01 /* Frameworks */,
				04BA280E187004C900ACED01 /* Resources */,
			);
			buildRules = (
			);
			dependencies = (
				04BA2816187004C900ACED01 /* PBXTargetDependency */,
			);
			name = BirthdayToAgeConversionTests;
			productName = BirthdayToAgeConversionTests;
			productReference = 04BA2810187004C900ACED01 /* BirthdayToAgeConversionTests.xctest */;
			productType = "com.apple.product-type.bundle.unit-test";
		};
/* End PBXNativeTarget section */

/* Begin PBXProject section */
		04BA27E7187004C800ACED01 /* Project object */ = {
			isa = PBXProject;
			attributes = {
				LastUpgradeCheck = 0500;
				ORGANIZATIONNAME = Codetastic;
				TargetAttributes = {
					04BA280F187004C900ACED01 = {
						TestTargetID = 04BA27EE187004C800ACED01;
					};
				};
			};
			buildConfigurationList = 04BA27EA187004C800ACED01 /* Build configuration list for PBXProject "BirthdayToAgeConversion" */;
			compatibilityVersion = "Xcode 3.2";
			developmentRegion = English;
			hasScannedForEncodings = 0;
			knownRegions = (
				en,
				Base,
			);
			mainGroup = 04BA27E6187004C800ACED01;
			productRefGroup = 04BA27F0187004C800ACED01 /* Products */;
			projectDirPath = "";
			projectRoot = "";
			targets = (
				04BA27EE187004C800ACED01 /* BirthdayToAgeConversion */,
				04BA280F187004C900ACED01 /* BirthdayToAgeConversionTests */,
			);
		};
/* End PBXProject section */

/* Begin PBXResourcesBuildPhase section */
		04BA27ED187004C800ACED01 /* Resources */ = {
			isa = PBXResourcesBuildPhase;
			buildActionMask = 2147483647;
			files = (
				04BA280B187004C900ACED01 /* Images.xcassets in Resources */,
				04BA27FD187004C800ACED01 /* InfoPlist.strings in Resources */,
				04BA2806187004C800ACED01 /* Main.storyboard in Resources */,
			);
			runOnlyForDeploymentPostprocessing = 0;
		};
		04BA280E187004C900ACED01 /* Resources */ = {
			isa = PBXResourcesBuildPhase;
			buildActionMask = 2147483647;
			files = (
				04BA281C187004C900ACED01 /* InfoPlist.strings in Resources */,
			);
			runOnlyForDeploymentPostprocessing = 0;
		};
/* End PBXResourcesBuildPhase section */

/* Begin PBXSourcesBuildPhase section */
		04BA27EB187004C800ACED01 /* Sources */ = {
			isa = PBXSourcesBuildPhase;
			buildActionMask = 2147483647;
			files = (
				04BA2809187004C800ACED01 /* ViewController.m in Sources */,
				04BA2803187004C800ACED01 /* AppDelegate.m in Sources */,
				04BA27FF187004C800ACED01 /* main.m in Sources */,
			);
			runOnlyForDeploymentPostprocessing = 0;
		};
		04BA280C187004C900ACED01 /* Sources */ = {
			isa = PBXSourcesBuildPhase;
			buildActionMask = 2147483647;
			files = (
				04BA281E187004C900ACED01 /* BirthdayToAgeConversionTests.m in Sources */,
			);
			runOnlyForDeploymentPostprocessing = 0;
		};
/* End PBXSourcesBuildPhase section */

/* Begin PBXTargetDependency section */
		04BA2816187004C900ACED01 /* PBXTargetDependency */ = {
			isa = PBXTargetDependency;
			target = 04BA27EE187004C800ACED01 /* BirthdayToAgeConversion */;
			targetProxy = 04BA2815187004C900ACED01 /* PBXContainerItemProxy */;
		};
/* End PBXTargetDependency section */

/* Begin PBXVariantGroup section */
		04BA27FB187004C800ACED01 /* InfoPlist.strings */ = {
			isa = PBXVariantGroup;
			children = (
				04BA27FC187004C800ACED01 /* en */,
			);
			name = InfoPlist.strings;
			sourceTree = "<group>";
		};
		04BA2804187004C800ACED01 /* Main.storyboard */ = {
			isa = PBXVariantGroup;
			children = (
				04BA2805187004C800ACED01 /* Base */,
			);
			name = Main.storyboard;
			sourceTree = "<group>";
		};
		04BA281A187004C900ACED01 /* InfoPlist.strings */ = {
			isa = PBXVariantGroup;
			children = (
				04BA281B187004C900ACED01 /* en */,
			);
			name = InfoPlist.strings;
			sourceTree = "<group>";
		};
/* End PBXVariantGroup section */

/* Begin XCBuildConfiguration section */
		04BA281F187004C900ACED01 /* Debug */ = {
			isa = XCBuildConfiguration;
			buildSettings = {
				ALWAYS_SEARCH_USER_PATHS = NO;
				ARCHS = "$(ARCHS_STANDARD_INCLUDING_64_BIT)";
				CLANG_CXX_LANGUAGE_STANDARD = "gnu++0x";
				CLANG_CXX_LIBRARY = "libc++";
				CLANG_ENABLE_MODULES = YES;
				CLANG_ENABLE_OBJC_ARC = YES;
				CLANG_WARN_BOOL_CONVERSION = YES;
				CLANG_WARN_CONSTANT_CONVERSION = YES;
				CLANG_WARN_DIRECT_OBJC_ISA_USAGE = YES_ERROR;
				CLANG_WARN_EMPTY_BODY = YES;
				CLANG_WARN_ENUM_CONVERSION = YES;
				CLANG_WARN_INT_CONVERSION = YES;
				CLANG_WARN_OBJC_ROOT_CLASS = YES_ERROR;
				CLANG_WARN__DUPLICATE_METHOD_MATCH = YES;
				"CODE_SIGN_IDENTITY[sdk=iphoneos*]" = "iPhone Developer";
				COPY_PHASE_STRIP = NO;
				GCC_C_LANGUAGE_STANDARD = gnu99;
				GCC_DYNAMIC_NO_PIC = NO;
				GCC_OPTIMIZATION_LEVEL = 0;
				GCC_PREPROCESSOR_DEFINITIONS = (
					"DEBUG=1",
					"$(inherited)",
				);
				GCC_SYMBOLS_PRIVATE_EXTERN = NO;
				GCC_WARN_64_TO_32_BIT_CONVERSION = YES;
				GCC_WARN_ABOUT_RETURN_TYPE = YES_ERROR;
				GCC_WARN_UNDECLARED_SELECTOR = YES;
				GCC_WARN_UNINITIALIZED_AUTOS = YES;
				GCC_WARN_UNUSED_FUNCTION = YES;
				GCC_WARN_UNUSED_VARIABLE = YES;
				IPHONEOS_DEPLOYMENT_TARGET = 7.0;
				ONLY_ACTIVE_ARCH = YES;
				SDKROOT = iphoneos;
			};
			name = Debug;
		};
		04BA2820187004C900ACED01 /* Release */ = {
			isa = XCBuildConfiguration;
			buildSettings = {
				ALWAYS_SEARCH_USER_PATHS = NO;
				ARCHS = "$(ARCHS_STANDARD_INCLUDING_64_BIT)";
				CLANG_CXX_LANGUAGE_STANDARD = "gnu++0x";
				CLANG_CXX_LIBRARY = "libc++";
				CLANG_ENABLE_MODULES = YES;
				CLANG_ENABLE_OBJC_ARC = YES;
				CLANG_WARN_BOOL_CONVERSION = YES;
				CLANG_WARN_CONSTANT_CONVERSION = YES;
				CLANG_WARN_DIRECT_OBJC_ISA_USAGE = YES_ERROR;
				CLANG_WARN_EMPTY_BODY = YES;
				CLANG_WARN_ENUM_CONVERSION = YES;
				CLANG_WARN_INT_CONVERSION = YES;
				CLANG_WARN_OBJC_ROOT_CLASS = YES_ERROR;
				CLANG_WARN__DUPLICATE_METHOD_MATCH = YES;
				"CODE_SIGN_IDENTITY[sdk=iphoneos*]" = "iPhone Developer";
				COPY_PHASE_STRIP = YES;
				ENABLE_NS_ASSERTIONS = NO;
				GCC_C_LANGUAGE_STANDARD = gnu99;
				GCC_WARN_64_TO_32_BIT_CONVERSION = YES;
				GCC_WARN_ABOUT_RETURN_TYPE = YES_ERROR;
				GCC_WARN_UNDECLARED_SELECTOR = YES;
				GCC_WARN_UNINITIALIZED_AUTOS = YES;
				GCC_WARN_UNUSED_FUNCTION = YES;
				GCC_WARN_UNUSED_VARIABLE = YES;
				IPHONEOS_DEPLOYMENT_TARGET = 7.0;
				SDKROOT = iphoneos;
				VALIDATE_PRODUCT = YES;
			};
			name = Release;
		};
		04BA2822187004C900ACED01 /* Debug */ = {
			isa = XCBuildConfiguration;
			buildSettings = {
				ASSETCATALOG_COMPILER_APPICON_NAME = AppIcon;
				ASSETCATALOG_COMPILER_LAUNCHIMAGE_NAME = LaunchImage;
				GCC_PRECOMPILE_PREFIX_HEADER = YES;
				GCC_PREFIX_HEADER = "BirthdayToAgeConversion/BirthdayToAgeConversion-Prefix.pch";
				INFOPLIST_FILE = "BirthdayToAgeConversion/BirthdayToAgeConversion-Info.plist";
				PRODUCT_NAME = "$(TARGET_NAME)";
				WRAPPER_EXTENSION = app;
			};
			name = Debug;
		};
		04BA2823187004C900ACED01 /* Release */ = {
			isa = XCBuildConfiguration;
			buildSettings = {
				ASSETCATALOG_COMPILER_APPICON_NAME = AppIcon;
				ASSETCATALOG_COMPILER_LAUNCHIMAGE_NAME = LaunchImage;
				GCC_PRECOMPILE_PREFIX_HEADER = YES;
				GCC_PREFIX_HEADER = "BirthdayToAgeConversion/BirthdayToAgeConversion-Prefix.pch";
				INFOPLIST_FILE = "BirthdayToAgeConversion/BirthdayToAgeConversion-Info.plist";
				PRODUCT_NAME = "$(TARGET_NAME)";
				WRAPPER_EXTENSION = app;
			};
			name = Release;
		};
		04BA2825187004C900ACED01 /* Debug */ = {
			isa = XCBuildConfiguration;
			buildSettings = {
				ARCHS = "$(ARCHS_STANDARD_INCLUDING_64_BIT)";
				BUNDLE_LOADER = "$(BUILT_PRODUCTS_DIR)/BirthdayToAgeConversion.app/BirthdayToAgeConversion";
				FRAMEWORK_SEARCH_PATHS = (
					"$(SDKROOT)/Developer/Library/Frameworks",
					"$(inherited)",
					"$(DEVELOPER_FRAMEWORKS_DIR)",
				);
				GCC_PRECOMPILE_PREFIX_HEADER = YES;
				GCC_PREFIX_HEADER = "BirthdayToAgeConversion/BirthdayToAgeConversion-Prefix.pch";
				GCC_PREPROCESSOR_DEFINITIONS = (
					"DEBUG=1",
					"$(inherited)",
				);
				INFOPLIST_FILE = "BirthdayToAgeConversionTests/BirthdayToAgeConversionTests-Info.plist";
				PRODUCT_NAME = "$(TARGET_NAME)";
				TEST_HOST = "$(BUNDLE_LOADER)";
				WRAPPER_EXTENSION = xctest;
			};
			name = Debug;
		};
		04BA2826187004C900ACED01 /* Release */ = {
			isa = XCBuildConfiguration;
			buildSettings = {
				ARCHS = "$(ARCHS_STANDARD_INCLUDING_64_BIT)";
				BUNDLE_LOADER = "$(BUILT_PRODUCTS_DIR)/BirthdayToAgeConversion.app/BirthdayToAgeConversion";
				FRAMEWORK_SEARCH_PATHS = (
					"$(SDKROOT)/Developer/Library/Frameworks",
					"$(inherited)",
					"$(DEVELOPER_FRAMEWORKS_DIR)",
				);
				GCC_PRECOMPILE_PREFIX_HEADER = YES;
				GCC_PREFIX_HEADER = "BirthdayToAgeConversion/BirthdayToAgeConversion-Prefix.pch";
				INFOPLIST_FILE = "BirthdayToAgeConversionTests/BirthdayToAgeConversionTests-Info.plist";
				PRODUCT_NAME = "$(TARGET_NAME)";
				TEST_HOST = "$(BUNDLE_LOADER)";
				WRAPPER_EXTENSION = xctest;
			};
			name = Release;
		};
/* End XCBuildConfiguration section */

/* Begin XCConfigurationList section */
		04BA27EA187004C800ACED01 /* Build configuration list for PBXProject "BirthdayToAgeConversion" */ = {
			isa = XCConfigurationList;
			buildConfigurations = (
				04BA281F187004C900ACED01 /* Debug */,
				04BA2820187004C900ACED01 /* Release */,
			);
			defaultConfigurationIsVisible = 0;
			defaultConfigurationName = Release;
		};
		04BA2821187004C900ACED01 /* Build configuration list for PBXNativeTarget "BirthdayToAgeConversion" */ = {
			isa = XCConfigurationList;
			buildConfigurations = (
				04BA2822187004C900ACED01 /* Debug */,
				04BA2823187004C900ACED01 /* Release */,
			);
			defaultConfigurationIsVisible = 0;
		};
		04BA2824187004C900ACED01 /* Build configuration list for PBXNativeTarget "BirthdayToAgeConversionTests" */ = {
			isa = XCConfigurationList;
			buildConfigurations = (
				04BA2825187004C900ACED01 /* Debug */,
				04BA2826187004C900ACED01 /* Release */,
			);
			defaultConfigurationIsVisible = 0;
		};
/* End XCConfigurationList section */
	};
	rootObject = 04BA27E7187004C800ACED01 /* Project object */;
}
